
Microsoft Visual Studio Solution File, Format Version 12.00
# Visual Studio Version 17
VisualStudioVersion = 17.9.34728.123
MinimumVisualStudioVersion = 10.0.40219.1
Project("{888888A0-9F3D-457C-B088-3A5042F75D52}") = "Crappy Platformer", "Crappy Platformer\Crappy Platformer.pyproj", "{7701CF26-B858-456F-A419-74C23A44465A}"
EndProject
Global
	GlobalSection(SolutionConfigurationPlatforms) = preSolution
		Debug|Any CPU = Debug|Any CPU
		Release|Any CPU = Release|Any CPU
	EndGlobalSection
	GlobalSection(ProjectConfigurationPlatforms) = postSolution
		{7701CF26-B858-456F-A419-74C23A44465A}.Debug|Any CPU.ActiveCfg = Debug|Any CPU
		{7701CF26-B858-456F-A419-74C23A44465A}.Release|Any CPU.ActiveCfg = Release|Any CPU
	EndGlobalSection
	GlobalSection(SolutionProperties) = preSolution
		HideSolutionNode = FALSE
	EndGlobalSection
	GlobalSection(ExtensibilityGlobals) = postSolution
		SolutionGuid = {5087D2FC-2A38-4788-B821-F7C1B7AD1269}
	EndGlobalSection
EndGlobal
